
Microsoft Visual Studio Solution File, Format Version 12.00
# Visual Studio Version 16
VisualStudioVersion = 16.0.31702.278
MinimumVisualStudioVersion = 10.0.40219.1
Project("{8BC9CEB8-8B4A-11D0-8D11-00A0C91BC942}") = "lab4.5", "lab4.5\lab4.5.vcxproj", "{FCAA3C17-1DD2-42B9-8806-65ADA1EE162B}"
EndProject
Global
	GlobalSection(SolutionConfigurationPlatforms) = preSolution
		Debug|x64 = Debug|x64
		Debug|x86 = Debug|x86
		Release|x64 = Release|x64
		Release|x86 = Release|x86
	EndGlobalSection
	GlobalSection(ProjectConfigurationPlatforms) = postSolution
		{FCAA3C17-1DD2-42B9-8806-65ADA1EE162B}.Debug|x64.ActiveCfg = Debug|x64
		{FCAA3C17-1DD2-42B9-8806-65ADA1EE162B}.Debug|x64.Build.0 = Debug|x64
		{FCAA3C17-1DD2-42B9-8806-65ADA1EE162B}.Debug|x86.ActiveCfg = Debug|Win32
		{FCAA3C17-1DD2-42B9-8806-65ADA1EE162B}.Debug|x86.Build.0 = Debug|Win32
		{FCAA3C17-1DD2-42B9-8806-65ADA1EE162B}.Release|x64.ActiveCfg = Release|x64
		{FCAA3C17-1DD2-42B9-8806-65ADA1EE162B}.Release|x64.Build.0 = Release|x64
		{FCAA3C17-1DD2-42B9-8806-65ADA1EE162B}.Release|x86.ActiveCfg = Release|Win32
		{FCAA3C17-1DD2-42B9-8806-65ADA1EE162B}.Release|x86.Build.0 = Release|Win32
	EndGlobalSection
	GlobalSection(SolutionProperties) = preSolution
		HideSolutionNode = FALSE
	EndGlobalSection
	GlobalSection(ExtensibilityGlobals) = postSolution
		SolutionGuid = {3FF0AFC3-77CB-4720-94C5-B2C4B83385E4}
	EndGlobalSection
EndGlobal
