
Microsoft Visual Studio Solution File, Format Version 12.00
# Visual Studio Version 16
VisualStudioVersion = 16.0.31702.278
MinimumVisualStudioVersion = 10.0.40219.1
Project("{8BC9CEB8-8B4A-11D0-8D11-00A0C91BC942}") = "lab11", "lab11\lab11.vcxproj", "{66495CC1-364D-49D2-ADA2-7D95B3B0BF2D}"
EndProject
Global
	GlobalSection(SolutionConfigurationPlatforms) = preSolution
		Debug|x64 = Debug|x64
		Debug|x86 = Debug|x86
		Release|x64 = Release|x64
		Release|x86 = Release|x86
	EndGlobalSection
	GlobalSection(ProjectConfigurationPlatforms) = postSolution
		{66495CC1-364D-49D2-ADA2-7D95B3B0BF2D}.Debug|x64.ActiveCfg = Debug|x64
		{66495CC1-364D-49D2-ADA2-7D95B3B0BF2D}.Debug|x64.Build.0 = Debug|x64
		{66495CC1-364D-49D2-ADA2-7D95B3B0BF2D}.Debug|x86.ActiveCfg = Debug|Win32
		{66495CC1-364D-49D2-ADA2-7D95B3B0BF2D}.Debug|x86.Build.0 = Debug|Win32
		{66495CC1-364D-49D2-ADA2-7D95B3B0BF2D}.Release|x64.ActiveCfg = Release|x64
		{66495CC1-364D-49D2-ADA2-7D95B3B0BF2D}.Release|x64.Build.0 = Release|x64
		{66495CC1-364D-49D2-ADA2-7D95B3B0BF2D}.Release|x86.ActiveCfg = Release|Win32
		{66495CC1-364D-49D2-ADA2-7D95B3B0BF2D}.Release|x86.Build.0 = Release|Win32
	EndGlobalSection
	GlobalSection(SolutionProperties) = preSolution
		HideSolutionNode = FALSE
	EndGlobalSection
	GlobalSection(ExtensibilityGlobals) = postSolution
		SolutionGuid = {0DFD24E5-541E-4EDE-8A94-F060EA683367}
	EndGlobalSection
EndGlobal
