
Microsoft Visual Studio Solution File, Format Version 12.00
# Visual Studio Version 16
VisualStudioVersion = 16.0.31702.278
MinimumVisualStudioVersion = 10.0.40219.1
Project("{8BC9CEB8-8B4A-11D0-8D11-00A0C91BC942}") = "lab6.5", "lab6.5\lab6.5.vcxproj", "{ABE0587C-709B-4D2A-A545-822886AD9C28}"
EndProject
Global
	GlobalSection(SolutionConfigurationPlatforms) = preSolution
		Debug|x64 = Debug|x64
		Debug|x86 = Debug|x86
		Release|x64 = Release|x64
		Release|x86 = Release|x86
	EndGlobalSection
	GlobalSection(ProjectConfigurationPlatforms) = postSolution
		{ABE0587C-709B-4D2A-A545-822886AD9C28}.Debug|x64.ActiveCfg = Debug|x64
		{ABE0587C-709B-4D2A-A545-822886AD9C28}.Debug|x64.Build.0 = Debug|x64
		{ABE0587C-709B-4D2A-A545-822886AD9C28}.Debug|x86.ActiveCfg = Debug|Win32
		{ABE0587C-709B-4D2A-A545-822886AD9C28}.Debug|x86.Build.0 = Debug|Win32
		{ABE0587C-709B-4D2A-A545-822886AD9C28}.Release|x64.ActiveCfg = Release|x64
		{ABE0587C-709B-4D2A-A545-822886AD9C28}.Release|x64.Build.0 = Release|x64
		{ABE0587C-709B-4D2A-A545-822886AD9C28}.Release|x86.ActiveCfg = Release|Win32
		{ABE0587C-709B-4D2A-A545-822886AD9C28}.Release|x86.Build.0 = Release|Win32
	EndGlobalSection
	GlobalSection(SolutionProperties) = preSolution
		HideSolutionNode = FALSE
	EndGlobalSection
	GlobalSection(ExtensibilityGlobals) = postSolution
		SolutionGuid = {E7BA71A1-7381-4E20-B2B5-AAACD4B4B298}
	EndGlobalSection
EndGlobal
